
Microsoft Visual Studio Solution File, Format Version 12.00
# Visual Studio 15
VisualStudioVersion = 15.0.27004.2002
MinimumVisualStudioVersion = 10.0.40219.1
Project("{FAE04EC0-301F-11D3-BF4B-00C04F79EFBC}") = "CryptoTools.Core", "CryptoTools.Core\CryptoTools.Core.csproj", "{F47DC8B9-0093-4862-9722-670569DAF4CF}"
EndProject
Project("{FAE04EC0-301F-11D3-BF4B-00C04F79EFBC}") = "CryptoTools.QuickExchange", "CryptoTools.QuickExchange\CryptoTools.QuickExchange.csproj", "{81633346-D427-462C-A413-2B83355BEADD}"
EndProject
Global
	GlobalSection(SolutionConfigurationPlatforms) = preSolution
		Debug|Any CPU = Debug|Any CPU
		Release|Any CPU = Release|Any CPU
	EndGlobalSection
	GlobalSection(ProjectConfigurationPlatforms) = postSolution
		{F47DC8B9-0093-4862-9722-670569DAF4CF}.Debug|Any CPU.ActiveCfg = Debug|Any CPU
		{F47DC8B9-0093-4862-9722-670569DAF4CF}.Debug|Any CPU.Build.0 = Debug|Any CPU
		{F47DC8B9-0093-4862-9722-670569DAF4CF}.Release|Any CPU.ActiveCfg = Release|Any CPU
		{F47DC8B9-0093-4862-9722-670569DAF4CF}.Release|Any CPU.Build.0 = Release|Any CPU
		{81633346-D427-462C-A413-2B83355BEADD}.Debug|Any CPU.ActiveCfg = Debug|Any CPU
		{81633346-D427-462C-A413-2B83355BEADD}.Debug|Any CPU.Build.0 = Debug|Any CPU
		{81633346-D427-462C-A413-2B83355BEADD}.Release|Any CPU.ActiveCfg = Release|Any CPU
		{81633346-D427-462C-A413-2B83355BEADD}.Release|Any CPU.Build.0 = Release|Any CPU
	EndGlobalSection
	GlobalSection(SolutionProperties) = preSolution
		HideSolutionNode = FALSE
	EndGlobalSection
	GlobalSection(ExtensibilityGlobals) = postSolution
		SolutionGuid = {E6337708-3C02-4008-ADAC-8CECC760CCCA}
	EndGlobalSection
EndGlobal
